
Microsoft Visual Studio Solution File, Format Version 12.00
# Visual Studio Version 16
VisualStudioVersion = 16.0.31729.503
MinimumVisualStudioVersion = 10.0.40219.1
Project("{FAE04EC0-301F-11D3-BF4B-00C04F79EFBC}") = "PasswordGeneration", "PasswordGeneration\PasswordGeneration.csproj", "{455DC577-57B5-488F-855E-F87AF51BFE7D}"
EndProject
Global
	GlobalSection(SolutionConfigurationPlatforms) = preSolution
		Debug|Any CPU = Debug|Any CPU
		Release|Any CPU = Release|Any CPU
	EndGlobalSection
	GlobalSection(ProjectConfigurationPlatforms) = postSolution
		{455DC577-57B5-488F-855E-F87AF51BFE7D}.Debug|Any CPU.ActiveCfg = Debug|Any CPU
		{455DC577-57B5-488F-855E-F87AF51BFE7D}.Debug|Any CPU.Build.0 = Debug|Any CPU
		{455DC577-57B5-488F-855E-F87AF51BFE7D}.Release|Any CPU.ActiveCfg = Release|Any CPU
		{455DC577-57B5-488F-855E-F87AF51BFE7D}.Release|Any CPU.Build.0 = Release|Any CPU
	EndGlobalSection
	GlobalSection(SolutionProperties) = preSolution
		HideSolutionNode = FALSE
	EndGlobalSection
	GlobalSection(ExtensibilityGlobals) = postSolution
		SolutionGuid = {5195A6A8-8936-4B3F-800C-45386EA21701}
	EndGlobalSection
EndGlobal
